
Microsoft Visual Studio Solution File, Format Version 12.00
# Visual Studio Version 17
VisualStudioVersion = 17.9.34616.47
MinimumVisualStudioVersion = 10.0.40219.1
Project("{FAE04EC0-301F-11D3-BF4B-00C04F79EFBC}") = "Csharp4", "Csharp4\Csharp4.csproj", "{56C88F97-1555-42D0-9D30-DEEBDD0A8F82}"
EndProject
Project("{FAE04EC0-301F-11D3-BF4B-00C04F79EFBC}") = "TestCsharp4", "TestCsharp4\TestCsharp4.csproj", "{D2812B70-50F1-4FB9-88AD-E9E4C5E9CC82}"
EndProject
Global
	GlobalSection(SolutionConfigurationPlatforms) = preSolution
		Debug|Any CPU = Debug|Any CPU
		Release|Any CPU = Release|Any CPU
	EndGlobalSection
	GlobalSection(ProjectConfigurationPlatforms) = postSolution
		{56C88F97-1555-42D0-9D30-DEEBDD0A8F82}.Debug|Any CPU.ActiveCfg = Debug|Any CPU
		{56C88F97-1555-42D0-9D30-DEEBDD0A8F82}.Debug|Any CPU.Build.0 = Debug|Any CPU
		{56C88F97-1555-42D0-9D30-DEEBDD0A8F82}.Release|Any CPU.ActiveCfg = Release|Any CPU
		{56C88F97-1555-42D0-9D30-DEEBDD0A8F82}.Release|Any CPU.Build.0 = Release|Any CPU
		{D2812B70-50F1-4FB9-88AD-E9E4C5E9CC82}.Debug|Any CPU.ActiveCfg = Debug|Any CPU
		{D2812B70-50F1-4FB9-88AD-E9E4C5E9CC82}.Debug|Any CPU.Build.0 = Debug|Any CPU
		{D2812B70-50F1-4FB9-88AD-E9E4C5E9CC82}.Release|Any CPU.ActiveCfg = Release|Any CPU
		{D2812B70-50F1-4FB9-88AD-E9E4C5E9CC82}.Release|Any CPU.Build.0 = Release|Any CPU
	EndGlobalSection
	GlobalSection(SolutionProperties) = preSolution
		HideSolutionNode = FALSE
	EndGlobalSection
	GlobalSection(ExtensibilityGlobals) = postSolution
		SolutionGuid = {5959D7D9-7156-4110-BA4B-4D0AED130D46}
	EndGlobalSection
EndGlobal
